// !$*UTF8*$!
{
	archiveVersion = 1;
	classes = {
	};
	objectVersion = 56;
	objects = {

/* Begin PBXBuildFile section */
		BABCC74828BB3437008AC657 /* AppDelegate.swift in Sources */ = {isa = PBXBuildFile; fileRef = BABCC74728BB3437008AC657 /* AppDelegate.swift */; };
		BABCC74A28BB3437008AC657 /* SceneDelegate.swift in Sources */ = {isa = PBXBuildFile; fileRef = BABCC74928BB3437008AC657 /* SceneDelegate.swift */; };
		BABCC74C28BB3437008AC657 /* ViewController.swift in Sources */ = {isa = PBXBuildFile; fileRef = BABCC74B28BB3437008AC657 /* ViewController.swift */; };
		BABCC75128BB3439008AC657 /* Assets.xcassets in Resources */ = {isa = PBXBuildFile; fileRef = BABCC75028BB3439008AC657 /* Assets.xcassets */; };
		BABCC75428BB3439008AC657 /* LaunchScreen.storyboard in Resources */ = {isa = PBXBuildFile; fileRef = BABCC75228BB3439008AC657 /* LaunchScreen.storyboard */; };
		BABCC75D28BB34A0008AC657 /* RxCocoa in Frameworks */ = {isa = PBXBuildFile; productRef = BABCC75C28BB34A0008AC657 /* RxCocoa */; };
		BABCC75F28BB34A0008AC657 /* RxSwift in Frameworks */ = {isa = PBXBuildFile; productRef = BABCC75E28BB34A0008AC657 /* RxSwift */; };
		BABCC76228BB34B4008AC657 /* Then in Frameworks */ = {isa = PBXBuildFile; productRef = BABCC76128BB34B4008AC657 /* Then */; };
		BABCC76528BB34D1008AC657 /* ReactorKit in Frameworks */ = {isa = PBXBuildFile; productRef = BABCC76428BB34D1008AC657 /* ReactorKit */; };
		BABCC76728BB355B008AC657 /* CounterViewReactor.swift in Sources */ = {isa = PBXBuildFile; fileRef = BABCC76628BB355B008AC657 /* CounterViewReactor.swift */; };
/* End PBXBuildFile section */

/* Begin PBXFileReference section */
		BABCC74428BB3437008AC657 /* ReactorKitPractice.app */ = {isa = PBXFileReference; explicitFileType = wrapper.application; includeInIndex = 0; path = ReactorKitPractice.app; sourceTree = BUILT_PRODUCTS_DIR; };
		BABCC74728BB3437008AC657 /* AppDelegate.swift */ = {isa = PBXFileReference; lastKnownFileType = sourcecode.swift; path = AppDelegate.swift; sourceTree = "<group>"; };
		BABCC74928BB3437008AC657 /* SceneDelegate.swift */ = {isa = PBXFileReference; lastKnownFileType = sourcecode.swift; path = SceneDelegate.swift; sourceTree = "<group>"; };
		BABCC74B28BB3437008AC657 /* ViewController.swift */ = {isa = PBXFileReference; lastKnownFileType = sourcecode.swift; path = ViewController.swift; sourceTree = "<group>"; };
		BABCC75028BB3439008AC657 /* Assets.xcassets */ = {isa = PBXFileReference; lastKnownFileType = folder.assetcatalog; path = Assets.xcassets; sourceTree = "<group>"; };
		BABCC75328BB3439008AC657 /* Base */ = {isa = PBXFileReference; lastKnownFileType = file.storyboard; name = Base; path = Base.lproj/LaunchScreen.storyboard; sourceTree = "<group>"; };
		BABCC75528BB3439008AC657 /* Info.plist */ = {isa = PBXFileReference; lastKnownFileType = text.plist.xml; path = Info.plist; sourceTree = "<group>"; };
		BABCC76628BB355B008AC657 /* CounterViewReactor.swift */ = {isa = PBXFileReference; lastKnownFileType = sourcecode.swift; path = CounterViewReactor.swift; sourceTree = "<group>"; };
/* End PBXFileReference section */

/* Begin PBXFrameworksBuildPhase section */
		BABCC74128BB3437008AC657 /* Frameworks */ = {
			isa = PBXFrameworksBuildPhase;
			buildActionMask = 2147483647;
			files = (
				BABCC75F28BB34A0008AC657 /* RxSwift in Frameworks */,
				BABCC76228BB34B4008AC657 /* Then in Frameworks */,
				BABCC76528BB34D1008AC657 /* ReactorKit in Frameworks */,
				BABCC75D28BB34A0008AC657 /* RxCocoa in Frameworks */,
			);
			runOnlyForDeploymentPostprocessing = 0;
		};
/* End PBXFrameworksBuildPhase section */

/* Begin PBXGroup section */
		BABCC73B28BB3437008AC657 = {
			isa = PBXGroup;
			children = (
				BABCC74628BB3437008AC657 /* ReactorKitPractice */,
				BABCC74528BB3437008AC657 /* Products */,
			);
			sourceTree = "<group>";
		};
		BABCC74528BB3437008AC657 /* Products */ = {
			isa = PBXGroup;
			children = (
				BABCC74428BB3437008AC657 /* ReactorKitPractice.app */,
			);
			name = Products;
			sourceTree = "<group>";
		};
		BABCC74628BB3437008AC657 /* ReactorKitPractice */ = {
			isa = PBXGroup;
			children = (
				BABCC74728BB3437008AC657 /* AppDelegate.swift */,
				BABCC74928BB3437008AC657 /* SceneDelegate.swift */,
				BABCC74B28BB3437008AC657 /* ViewController.swift */,
				BABCC76628BB355B008AC657 /* CounterViewReactor.swift */,
				BABCC75028BB3439008AC657 /* Assets.xcassets */,
				BABCC75228BB3439008AC657 /* LaunchScreen.storyboard */,
				BABCC75528BB3439008AC657 /* Info.plist */,
			);
			path = ReactorKitPractice;
			sourceTree = "<group>";
		};
/* End PBXGroup section */

/* Begin PBXNativeTarget section */
		BABCC74328BB3437008AC657 /* ReactorKitPractice */ = {
			isa = PBXNativeTarget;
			buildConfigurationList = BABCC75828BB3439008AC657 /* Build configuration list for PBXNativeTarget "ReactorKitPractice" */;
			buildPhases = (
				BABCC74028BB3437008AC657 /* Sources */,
				BABCC74128BB3437008AC657 /* Frameworks */,
				BABCC74228BB3437008AC657 /* Resources */,
			);
			buildRules = (
			);
			dependencies = (
			);
			name = ReactorKitPractice;
			packageProductDependencies = (
				BABCC75C28BB34A0008AC657 /* RxCocoa */,
				BABCC75E28BB34A0008AC657 /* RxSwift */,
				BABCC76128BB34B4008AC657 /* Then */,
				BABCC76428BB34D1008AC657 /* ReactorKit */,
			);
			productName = ReactorKitPractice;
			productReference = BABCC74428BB3437008AC657 /* ReactorKitPractice.app */;
			productType = "com.apple.product-type.application";
		};
/* End PBXNativeTarget section */

/* Begin PBXProject section */
		BABCC73C28BB3437008AC657 /* Project object */ = {
			isa = PBXProject;
			attributes = {
				BuildIndependentTargetsInParallel = 1;
				LastSwiftUpdateCheck = 1400;
				LastUpgradeCheck = 1400;
				TargetAttributes = {
					BABCC74328BB3437008AC657 = {
						CreatedOnToolsVersion = 14.0;
					};
				};
			};
			buildConfigurationList = BABCC73F28BB3437008AC657 /* Build configuration list for PBXProject "ReactorKitPractice" */;
			compatibilityVersion = "Xcode 14.0";
			developmentRegion = en;
			hasScannedForEncodings = 0;
			knownRegions = (
				en,
				Base,
			);
			mainGroup = BABCC73B28BB3437008AC657;
			packageReferences = (
				BABCC75B28BB34A0008AC657 /* XCRemoteSwiftPackageReference "RxSwift" */,
				BABCC76028BB34B4008AC657 /* XCRemoteSwiftPackageReference "Then" */,
				BABCC76328BB34D1008AC657 /* XCRemoteSwiftPackageReference "ReactorKit" */,
			);
			productRefGroup = BABCC74528BB3437008AC657 /* Products */;
			projectDirPath = "";
			projectRoot = "";
			targets = (
				BABCC74328BB3437008AC657 /* ReactorKitPractice */,
			);
		};
/* End PBXProject section */

/* Begin PBXResourcesBuildPhase section */
		BABCC74228BB3437008AC657 /* Resources */ = {
			isa = PBXResourcesBuildPhase;
			buildActionMask = 2147483647;
			files = (
				BABCC75428BB3439008AC657 /* LaunchScreen.storyboard in Resources */,
				BABCC75128BB3439008AC657 /* Assets.xcassets in Resources */,
			);
			runOnlyForDeploymentPostprocessing = 0;
		};
/* End PBXResourcesBuildPhase section */

/* Begin PBXSourcesBuildPhase section */
		BABCC74028BB3437008AC657 /* Sources */ = {
			isa = PBXSourcesBuildPhase;
			buildActionMask = 2147483647;
			files = (
				BABCC74C28BB3437008AC657 /* ViewController.swift in Sources */,
				BABCC74828BB3437008AC657 /* AppDelegate.swift in Sources */,
				BABCC76728BB355B008AC657 /* CounterViewReactor.swift in Sources */,
				BABCC74A28BB3437008AC657 /* SceneDelegate.swift in Sources */,
			);
			runOnlyForDeploymentPostprocessing = 0;
		};
/* End PBXSourcesBuildPhase section */

/* Begin PBXVariantGroup section */
		BABCC75228BB3439008AC657 /* LaunchScreen.storyboard */ = {
			isa = PBXVariantGroup;
			children = (
				BABCC75328BB3439008AC657 /* Base */,
			);
			name = LaunchScreen.storyboard;
			sourceTree = "<group>";
		};
/* End PBXVariantGroup section */

/* Begin XCBuildConfiguration section */
		BABCC75628BB3439008AC657 /* Debug */ = {
			isa = XCBuildConfiguration;
			buildSettings = {
				ALWAYS_SEARCH_USER_PATHS = NO;
				CLANG_ANALYZER_NONNULL = YES;
				CLANG_ANALYZER_NUMBER_OBJECT_CONVERSION = YES_AGGRESSIVE;
				CLANG_CXX_LANGUAGE_STANDARD = "gnu++20";
				CLANG_ENABLE_MODULES = YES;
				CLANG_ENABLE_OBJC_ARC = YES;
				CLANG_ENABLE_OBJC_WEAK = YES;
				CLANG_WARN_BLOCK_CAPTURE_AUTORELEASING = YES;
				CLANG_WARN_BOOL_CONVERSION = YES;
				CLANG_WARN_COMMA = YES;
				CLANG_WARN_CONSTANT_CONVERSION = YES;
				CLANG_WARN_DEPRECATED_OBJC_IMPLEMENTATIONS = YES;
				CLANG_WARN_DIRECT_OBJC_ISA_USAGE = YES_ERROR;
				CLANG_WARN_DOCUMENTATION_COMMENTS = YES;
				CLANG_WARN_EMPTY_BODY = YES;
				CLANG_WARN_ENUM_CONVERSION = YES;
				CLANG_WARN_INFINITE_RECURSION = YES;
				CLANG_WARN_INT_CONVERSION = YES;
				CLANG_WARN_NON_LITERAL_NULL_CONVERSION = YES;
				CLANG_WARN_OBJC_IMPLICIT_RETAIN_SELF = YES;
				CLANG_WARN_OBJC_LITERAL_CONVERSION = YES;
				CLANG_WARN_OBJC_ROOT_CLASS = YES_ERROR;
				CLANG_WARN_QUOTED_INCLUDE_IN_FRAMEWORK_HEADER = YES;
				CLANG_WARN_RANGE_LOOP_ANALYSIS = YES;
				CLANG_WARN_STRICT_PROTOTYPES = YES;
				CLANG_WARN_SUSPICIOUS_MOVE = YES;
				CLANG_WARN_UNGUARDED_AVAILABILITY = YES_AGGRESSIVE;
				CLANG_WARN_UNREACHABLE_CODE = YES;
				CLANG_WARN__DUPLICATE_METHOD_MATCH = YES;
				COPY_PHASE_STRIP = NO;
				DEBUG_INFORMATION_FORMAT = dwarf;
				ENABLE_STRICT_OBJC_MSGSEND = YES;
				ENABLE_TESTABILITY = YES;
				GCC_C_LANGUAGE_STANDARD = gnu11;
				GCC_DYNAMIC_NO_PIC = NO;
				GCC_NO_COMMON_BLOCKS = YES;
				GCC_OPTIMIZATION_LEVEL = 0;
				GCC_PREPROCESSOR_DEFINITIONS = (
					"DEBUG=1",
					"$(inherited)",
				);
				GCC_WARN_64_TO_32_BIT_CONVERSION = YES;
				GCC_WARN_ABOUT_RETURN_TYPE = YES_ERROR;
				GCC_WARN_UNDECLARED_SELECTOR = YES;
				GCC_WARN_UNINITIALIZED_AUTOS = YES_AGGRESSIVE;
				GCC_WARN_UNUSED_FUNCTION = YES;
				GCC_WARN_UNUSED_VARIABLE = YES;
				IPHONEOS_DEPLOYMENT_TARGET = 16.0;
				MTL_ENABLE_DEBUG_INFO = INCLUDE_SOURCE;
				MTL_FAST_MATH = YES;
				ONLY_ACTIVE_ARCH = YES;
				SDKROOT = iphoneos;
				SWIFT_ACTIVE_COMPILATION_CONDITIONS = DEBUG;
				SWIFT_OPTIMIZATION_LEVEL = "-Onone";
			};
			name = Debug;
		};
		BABCC75728BB3439008AC657 /* Release */ = {
			isa = XCBuildConfiguration;
			buildSettings = {
				ALWAYS_SEARCH_USER_PATHS = NO;
				CLANG_ANALYZER_NONNULL = YES;
				CLANG_ANALYZER_NUMBER_OBJECT_CONVERSION = YES_AGGRESSIVE;
				CLANG_CXX_LANGUAGE_STANDARD = "gnu++20";
				CLANG_ENABLE_MODULES = YES;
				CLANG_ENABLE_OBJC_ARC = YES;
				CLANG_ENABLE_OBJC_WEAK = YES;
				CLANG_WARN_BLOCK_CAPTURE_AUTORELEASING = YES;
				CLANG_WARN_BOOL_CONVERSION = YES;
				CLANG_WARN_COMMA = YES;
				CLANG_WARN_CONSTANT_CONVERSION = YES;
				CLANG_WARN_DEPRECATED_OBJC_IMPLEMENTATIONS = YES;
				CLANG_WARN_DIRECT_OBJC_ISA_USAGE = YES_ERROR;
				CLANG_WARN_DOCUMENTATION_COMMENTS = YES;
				CLANG_WARN_EMPTY_BODY = YES;
				CLANG_WARN_ENUM_CONVERSION = YES;
				CLANG_WARN_INFINITE_RECURSION = YES;
				CLANG_WARN_INT_CONVERSION = YES;
				CLANG_WARN_NON_LITERAL_NULL_CONVERSION = YES;
				CLANG_WARN_OBJC_IMPLICIT_RETAIN_SELF = YES;
				CLANG_WARN_OBJC_LITERAL_CONVERSION = YES;
				CLANG_WARN_OBJC_ROOT_CLASS = YES_ERROR;
				CLANG_WARN_QUOTED_INCLUDE_IN_FRAMEWORK_HEADER = YES;
				CLANG_WARN_RANGE_LOOP_ANALYSIS = YES;
				CLANG_WARN_STRICT_PROTOTYPES = YES;
				CLANG_WARN_SUSPICIOUS_MOVE = YES;
				CLANG_WARN_UNGUARDED_AVAILABILITY = YES_AGGRESSIVE;
				CLANG_WARN_UNREACHABLE_CODE = YES;
				CLANG_WARN__DUPLICATE_METHOD_MATCH = YES;
				COPY_PHASE_STRIP = NO;
				DEBUG_INFORMATION_FORMAT = "dwarf-with-dsym";
				ENABLE_NS_ASSERTIONS = NO;
				ENABLE_STRICT_OBJC_MSGSEND = YES;
				GCC_C_LANGUAGE_STANDARD = gnu11;
				GCC_NO_COMMON_BLOCKS = YES;
				GCC_WARN_64_TO_32_BIT_CONVERSION = YES;
				GCC_WARN_ABOUT_RETURN_TYPE = YES_ERROR;
				GCC_WARN_UNDECLARED_SELECTOR = YES;
				GCC_WARN_UNINITIALIZED_AUTOS = YES_AGGRESSIVE;
				GCC_WARN_UNUSED_FUNCTION = YES;
				GCC_WARN_UNUSED_VARIABLE = YES;
				IPHONEOS_DEPLOYMENT_TARGET = 16.0;
				MTL_ENABLE_DEBUG_INFO = NO;
				MTL_FAST_MATH = YES;
				SDKROOT = iphoneos;
				SWIFT_COMPILATION_MODE = wholemodule;
				SWIFT_OPTIMIZATION_LEVEL = "-O";
				VALIDATE_PRODUCT = YES;
			};
			name = Release;
		};
		BABCC75928BB3439008AC657 /* Debug */ = {
			isa = XCBuildConfiguration;
			buildSettings = {
				ASSETCATALOG_COMPILER_APPICON_NAME = AppIcon;
				ASSETCATALOG_COMPILER_GLOBAL_ACCENT_COLOR_NAME = AccentColor;
				CODE_SIGN_STYLE = Automatic;
				CURRENT_PROJECT_VERSION = 1;
				DEVELOPMENT_TEAM = 2ZQR76M3UH;
				GENERATE_INFOPLIST_FILE = YES;
				INFOPLIST_FILE = ReactorKitPractice/Info.plist;
				INFOPLIST_KEY_UIApplicationSupportsIndirectInputEvents = YES;
				INFOPLIST_KEY_UILaunchStoryboardName = LaunchScreen;
				INFOPLIST_KEY_UISupportedInterfaceOrientations_iPad = "UIInterfaceOrientationPortrait UIInterfaceOrientationPortraitUpsideDown UIInterfaceOrientationLandscapeLeft UIInterfaceOrientationLandscapeRight";
				INFOPLIST_KEY_UISupportedInterfaceOrientations_iPhone = "UIInterfaceOrientationPortrait UIInterfaceOrientationLandscapeLeft UIInterfaceOrientationLandscapeRight";
				LD_RUNPATH_SEARCH_PATHS = (
					"$(inherited)",
					"@executable_path/Frameworks",
				);
				MARKETING_VERSION = 1.0;
				PRODUCT_BUNDLE_IDENTIFIER = com.whitehyun.ReactorKitPractice;
				PRODUCT_NAME = "$(TARGET_NAME)";
				SWIFT_EMIT_LOC_STRINGS = YES;
				SWIFT_VERSION = 5.0;
				TARGETED_DEVICE_FAMILY = "1,2";
			};
			name = Debug;
		};
		BABCC75A28BB3439008AC657 /* Release */ = {
			isa = XCBuildConfiguration;
			buildSettings = {
				ASSETCATALOG_COMPILER_APPICON_NAME = AppIcon;
				ASSETCATALOG_COMPILER_GLOBAL_ACCENT_COLOR_NAME = AccentColor;
				CODE_SIGN_STYLE = Automatic;
				CURRENT_PROJECT_VERSION = 1;
				DEVELOPMENT_TEAM = 2ZQR76M3UH;
				GENERATE_INFOPLIST_FILE = YES;
				INFOPLIST_FILE = ReactorKitPractice/Info.plist;
				INFOPLIST_KEY_UIApplicationSupportsIndirectInputEvents = YES;
				INFOPLIST_KEY_UILaunchStoryboardName = LaunchScreen;
				INFOPLIST_KEY_UISupportedInterfaceOrientations_iPad = "UIInterfaceOrientationPortrait UIInterfaceOrientationPortraitUpsideDown UIInterfaceOrientationLandscapeLeft UIInterfaceOrientationLandscapeRight";
				INFOPLIST_KEY_UISupportedInterfaceOrientations_iPhone = "UIInterfaceOrientationPortrait UIInterfaceOrientationLandscapeLeft UIInterfaceOrientationLandscapeRight";
				LD_RUNPATH_SEARCH_PATHS = (
					"$(inherited)",
					"@executable_path/Frameworks",
				);
				MARKETING_VERSION = 1.0;
				PRODUCT_BUNDLE_IDENTIFIER = com.whitehyun.ReactorKitPractice;
				PRODUCT_NAME = "$(TARGET_NAME)";
				SWIFT_EMIT_LOC_STRINGS = YES;
				SWIFT_VERSION = 5.0;
				TARGETED_DEVICE_FAMILY = "1,2";
			};
			name = Release;
		};
/* End XCBuildConfiguration section */

/* Begin XCConfigurationList section */
		BABCC73F28BB3437008AC657 /* Build configuration list for PBXProject "ReactorKitPractice" */ = {
			isa = XCConfigurationList;
			buildConfigurations = (
				BABCC75628BB3439008AC657 /* Debug */,
				BABCC75728BB3439008AC657 /* Release */,
			);
			defaultConfigurationIsVisible = 0;
			defaultConfigurationName = Release;
		};
		BABCC75828BB3439008AC657 /* Build configuration list for PBXNativeTarget "ReactorKitPractice" */ = {
			isa = XCConfigurationList;
			buildConfigurations = (
				BABCC75928BB3439008AC657 /* Debug */,
				BABCC75A28BB3439008AC657 /* Release */,
			);
			defaultConfigurationIsVisible = 0;
			defaultConfigurationName = Release;
		};
/* End XCConfigurationList section */

/* Begin XCRemoteSwiftPackageReference section */
		BABCC75B28BB34A0008AC657 /* XCRemoteSwiftPackageReference "RxSwift" */ = {
			isa = XCRemoteSwiftPackageReference;
			repositoryURL = "https://github.com/ReactiveX/RxSwift.git";
			requirement = {
				branch = main;
				kind = branch;
			};
		};
		BABCC76028BB34B4008AC657 /* XCRemoteSwiftPackageReference "Then" */ = {
			isa = XCRemoteSwiftPackageReference;
			repositoryURL = "https://github.com/devxoul/Then.git";
			requirement = {
				branch = master;
				kind = branch;
			};
		};
		BABCC76328BB34D1008AC657 /* XCRemoteSwiftPackageReference "ReactorKit" */ = {
			isa = XCRemoteSwiftPackageReference;
			repositoryURL = "https://github.com/ReactorKit/ReactorKit";
			requirement = {
				branch = master;
				kind = branch;
			};
		};
/* End XCRemoteSwiftPackageReference section */

/* Begin XCSwiftPackageProductDependency section */
		BABCC75C28BB34A0008AC657 /* RxCocoa */ = {
			isa = XCSwiftPackageProductDependency;
			package = BABCC75B28BB34A0008AC657 /* XCRemoteSwiftPackageReference "RxSwift" */;
			productName = RxCocoa;
		};
		BABCC75E28BB34A0008AC657 /* RxSwift */ = {
			isa = XCSwiftPackageProductDependency;
			package = BABCC75B28BB34A0008AC657 /* XCRemoteSwiftPackageReference "RxSwift" */;
			productName = RxSwift;
		};
		BABCC76128BB34B4008AC657 /* Then */ = {
			isa = XCSwiftPackageProductDependency;
			package = BABCC76028BB34B4008AC657 /* XCRemoteSwiftPackageReference "Then" */;
			productName = Then;
		};
		BABCC76428BB34D1008AC657 /* ReactorKit */ = {
			isa = XCSwiftPackageProductDependency;
			package = BABCC76328BB34D1008AC657 /* XCRemoteSwiftPackageReference "ReactorKit" */;
			productName = ReactorKit;
		};
/* End XCSwiftPackageProductDependency section */
	};
	rootObject = BABCC73C28BB3437008AC657 /* Project object */;
}
