// !$*UTF8*$!
{
	archiveVersion = 1;
	classes = {
	};
	objectVersion = 56;
	objects = {

/* Begin PBXBuildFile section */
		BAAD97BD28B0EB9F00C75BBD /* AppDelegate.swift in Sources */ = {isa = PBXBuildFile; fileRef = BAAD97BC28B0EB9F00C75BBD /* AppDelegate.swift */; };
		BAAD97BF28B0EB9F00C75BBD /* SceneDelegate.swift in Sources */ = {isa = PBXBuildFile; fileRef = BAAD97BE28B0EB9F00C75BBD /* SceneDelegate.swift */; };
		BAAD97C128B0EB9F00C75BBD /* ViewController.swift in Sources */ = {isa = PBXBuildFile; fileRef = BAAD97C028B0EB9F00C75BBD /* ViewController.swift */; };
		BAAD97C428B0EB9F00C75BBD /* Main.storyboard in Resources */ = {isa = PBXBuildFile; fileRef = BAAD97C228B0EB9F00C75BBD /* Main.storyboard */; };
		BAAD97C628B0EBA000C75BBD /* Assets.xcassets in Resources */ = {isa = PBXBuildFile; fileRef = BAAD97C528B0EBA000C75BBD /* Assets.xcassets */; };
		BAAD97C928B0EBA000C75BBD /* LaunchScreen.storyboard in Resources */ = {isa = PBXBuildFile; fileRef = BAAD97C728B0EBA000C75BBD /* LaunchScreen.storyboard */; };
		BAAD97D228B0EC2A00C75BBD /* Lottie in Frameworks */ = {isa = PBXBuildFile; productRef = BAAD97D128B0EC2A00C75BBD /* Lottie */; };
		BAAD97D428B0EC6400C75BBD /* dataTest.json in Resources */ = {isa = PBXBuildFile; fileRef = BAAD97D328B0EC6400C75BBD /* dataTest.json */; };
/* End PBXBuildFile section */

/* Begin PBXFileReference section */
		BAAD97B928B0EB9F00C75BBD /* LottiePractice.app */ = {isa = PBXFileReference; explicitFileType = wrapper.application; includeInIndex = 0; path = LottiePractice.app; sourceTree = BUILT_PRODUCTS_DIR; };
		BAAD97BC28B0EB9F00C75BBD /* AppDelegate.swift */ = {isa = PBXFileReference; lastKnownFileType = sourcecode.swift; path = AppDelegate.swift; sourceTree = "<group>"; };
		BAAD97BE28B0EB9F00C75BBD /* SceneDelegate.swift */ = {isa = PBXFileReference; lastKnownFileType = sourcecode.swift; path = SceneDelegate.swift; sourceTree = "<group>"; };
		BAAD97C028B0EB9F00C75BBD /* ViewController.swift */ = {isa = PBXFileReference; lastKnownFileType = sourcecode.swift; path = ViewController.swift; sourceTree = "<group>"; };
		BAAD97C328B0EB9F00C75BBD /* Base */ = {isa = PBXFileReference; lastKnownFileType = file.storyboard; name = Base; path = Base.lproj/Main.storyboard; sourceTree = "<group>"; };
		BAAD97C528B0EBA000C75BBD /* Assets.xcassets */ = {isa = PBXFileReference; lastKnownFileType = folder.assetcatalog; path = Assets.xcassets; sourceTree = "<group>"; };
		BAAD97C828B0EBA000C75BBD /* Base */ = {isa = PBXFileReference; lastKnownFileType = file.storyboard; name = Base; path = Base.lproj/LaunchScreen.storyboard; sourceTree = "<group>"; };
		BAAD97CA28B0EBA000C75BBD /* Info.plist */ = {isa = PBXFileReference; lastKnownFileType = text.plist.xml; path = Info.plist; sourceTree = "<group>"; };
		BAAD97D328B0EC6400C75BBD /* dataTest.json */ = {isa = PBXFileReference; fileEncoding = 4; lastKnownFileType = text.json; path = dataTest.json; sourceTree = "<group>"; };
/* End PBXFileReference section */

/* Begin PBXFrameworksBuildPhase section */
		BAAD97B628B0EB9F00C75BBD /* Frameworks */ = {
			isa = PBXFrameworksBuildPhase;
			buildActionMask = 2147483647;
			files = (
				BAAD97D228B0EC2A00C75BBD /* Lottie in Frameworks */,
			);
			runOnlyForDeploymentPostprocessing = 0;
		};
/* End PBXFrameworksBuildPhase section */

/* Begin PBXGroup section */
		BAAD97B028B0EB9F00C75BBD = {
			isa = PBXGroup;
			children = (
				BAAD97BB28B0EB9F00C75BBD /* LottiePractice */,
				BAAD97BA28B0EB9F00C75BBD /* Products */,
			);
			sourceTree = "<group>";
		};
		BAAD97BA28B0EB9F00C75BBD /* Products */ = {
			isa = PBXGroup;
			children = (
				BAAD97B928B0EB9F00C75BBD /* LottiePractice.app */,
			);
			name = Products;
			sourceTree = "<group>";
		};
		BAAD97BB28B0EB9F00C75BBD /* LottiePractice */ = {
			isa = PBXGroup;
			children = (
				BAAD97BC28B0EB9F00C75BBD /* AppDelegate.swift */,
				BAAD97BE28B0EB9F00C75BBD /* SceneDelegate.swift */,
				BAAD97C028B0EB9F00C75BBD /* ViewController.swift */,
				BAAD97D328B0EC6400C75BBD /* dataTest.json */,
				BAAD97C228B0EB9F00C75BBD /* Main.storyboard */,
				BAAD97C528B0EBA000C75BBD /* Assets.xcassets */,
				BAAD97C728B0EBA000C75BBD /* LaunchScreen.storyboard */,
				BAAD97CA28B0EBA000C75BBD /* Info.plist */,
			);
			path = LottiePractice;
			sourceTree = "<group>";
		};
/* End PBXGroup section */

/* Begin PBXNativeTarget section */
		BAAD97B828B0EB9F00C75BBD /* LottiePractice */ = {
			isa = PBXNativeTarget;
			buildConfigurationList = BAAD97CD28B0EBA000C75BBD /* Build configuration list for PBXNativeTarget "LottiePractice" */;
			buildPhases = (
				BAAD97B528B0EB9F00C75BBD /* Sources */,
				BAAD97B628B0EB9F00C75BBD /* Frameworks */,
				BAAD97B728B0EB9F00C75BBD /* Resources */,
			);
			buildRules = (
			);
			dependencies = (
			);
			name = LottiePractice;
			packageProductDependencies = (
				BAAD97D128B0EC2A00C75BBD /* Lottie */,
			);
			productName = LottiePractice;
			productReference = BAAD97B928B0EB9F00C75BBD /* LottiePractice.app */;
			productType = "com.apple.product-type.application";
		};
/* End PBXNativeTarget section */

/* Begin PBXProject section */
		BAAD97B128B0EB9F00C75BBD /* Project object */ = {
			isa = PBXProject;
			attributes = {
				BuildIndependentTargetsInParallel = 1;
				LastSwiftUpdateCheck = 1400;
				LastUpgradeCheck = 1400;
				TargetAttributes = {
					BAAD97B828B0EB9F00C75BBD = {
						CreatedOnToolsVersion = 14.0;
					};
				};
			};
			buildConfigurationList = BAAD97B428B0EB9F00C75BBD /* Build configuration list for PBXProject "LottiePractice" */;
			compatibilityVersion = "Xcode 14.0";
			developmentRegion = en;
			hasScannedForEncodings = 0;
			knownRegions = (
				en,
				Base,
			);
			mainGroup = BAAD97B028B0EB9F00C75BBD;
			packageReferences = (
				BAAD97D028B0EC2A00C75BBD /* XCRemoteSwiftPackageReference "lottie-ios" */,
			);
			productRefGroup = BAAD97BA28B0EB9F00C75BBD /* Products */;
			projectDirPath = "";
			projectRoot = "";
			targets = (
				BAAD97B828B0EB9F00C75BBD /* LottiePractice */,
			);
		};
/* End PBXProject section */

/* Begin PBXResourcesBuildPhase section */
		BAAD97B728B0EB9F00C75BBD /* Resources */ = {
			isa = PBXResourcesBuildPhase;
			buildActionMask = 2147483647;
			files = (
				BAAD97C928B0EBA000C75BBD /* LaunchScreen.storyboard in Resources */,
				BAAD97C628B0EBA000C75BBD /* Assets.xcassets in Resources */,
				BAAD97C428B0EB9F00C75BBD /* Main.storyboard in Resources */,
				BAAD97D428B0EC6400C75BBD /* dataTest.json in Resources */,
			);
			runOnlyForDeploymentPostprocessing = 0;
		};
/* End PBXResourcesBuildPhase section */

/* Begin PBXSourcesBuildPhase section */
		BAAD97B528B0EB9F00C75BBD /* Sources */ = {
			isa = PBXSourcesBuildPhase;
			buildActionMask = 2147483647;
			files = (
				BAAD97C128B0EB9F00C75BBD /* ViewController.swift in Sources */,
				BAAD97BD28B0EB9F00C75BBD /* AppDelegate.swift in Sources */,
				BAAD97BF28B0EB9F00C75BBD /* SceneDelegate.swift in Sources */,
			);
			runOnlyForDeploymentPostprocessing = 0;
		};
/* End PBXSourcesBuildPhase section */

/* Begin PBXVariantGroup section */
		BAAD97C228B0EB9F00C75BBD /* Main.storyboard */ = {
			isa = PBXVariantGroup;
			children = (
				BAAD97C328B0EB9F00C75BBD /* Base */,
			);
			name = Main.storyboard;
			sourceTree = "<group>";
		};
		BAAD97C728B0EBA000C75BBD /* LaunchScreen.storyboard */ = {
			isa = PBXVariantGroup;
			children = (
				BAAD97C828B0EBA000C75BBD /* Base */,
			);
			name = LaunchScreen.storyboard;
			sourceTree = "<group>";
		};
/* End PBXVariantGroup section */

/* Begin XCBuildConfiguration section */
		BAAD97CB28B0EBA000C75BBD /* Debug */ = {
			isa = XCBuildConfiguration;
			buildSettings = {
				ALWAYS_SEARCH_USER_PATHS = NO;
				CLANG_ANALYZER_NONNULL = YES;
				CLANG_ANALYZER_NUMBER_OBJECT_CONVERSION = YES_AGGRESSIVE;
				CLANG_CXX_LANGUAGE_STANDARD = "gnu++20";
				CLANG_ENABLE_MODULES = YES;
				CLANG_ENABLE_OBJC_ARC = YES;
				CLANG_ENABLE_OBJC_WEAK = YES;
				CLANG_WARN_BLOCK_CAPTURE_AUTORELEASING = YES;
				CLANG_WARN_BOOL_CONVERSION = YES;
				CLANG_WARN_COMMA = YES;
				CLANG_WARN_CONSTANT_CONVERSION = YES;
				CLANG_WARN_DEPRECATED_OBJC_IMPLEMENTATIONS = YES;
				CLANG_WARN_DIRECT_OBJC_ISA_USAGE = YES_ERROR;
				CLANG_WARN_DOCUMENTATION_COMMENTS = YES;
				CLANG_WARN_EMPTY_BODY = YES;
				CLANG_WARN_ENUM_CONVERSION = YES;
				CLANG_WARN_INFINITE_RECURSION = YES;
				CLANG_WARN_INT_CONVERSION = YES;
				CLANG_WARN_NON_LITERAL_NULL_CONVERSION = YES;
				CLANG_WARN_OBJC_IMPLICIT_RETAIN_SELF = YES;
				CLANG_WARN_OBJC_LITERAL_CONVERSION = YES;
				CLANG_WARN_OBJC_ROOT_CLASS = YES_ERROR;
				CLANG_WARN_QUOTED_INCLUDE_IN_FRAMEWORK_HEADER = YES;
				CLANG_WARN_RANGE_LOOP_ANALYSIS = YES;
				CLANG_WARN_STRICT_PROTOTYPES = YES;
				CLANG_WARN_SUSPICIOUS_MOVE = YES;
				CLANG_WARN_UNGUARDED_AVAILABILITY = YES_AGGRESSIVE;
				CLANG_WARN_UNREACHABLE_CODE = YES;
				CLANG_WARN__DUPLICATE_METHOD_MATCH = YES;
				COPY_PHASE_STRIP = NO;
				DEBUG_INFORMATION_FORMAT = dwarf;
				ENABLE_STRICT_OBJC_MSGSEND = YES;
				ENABLE_TESTABILITY = YES;
				GCC_C_LANGUAGE_STANDARD = gnu11;
				GCC_DYNAMIC_NO_PIC = NO;
				GCC_NO_COMMON_BLOCKS = YES;
				GCC_OPTIMIZATION_LEVEL = 0;
				GCC_PREPROCESSOR_DEFINITIONS = (
					"DEBUG=1",
					"$(inherited)",
				);
				GCC_WARN_64_TO_32_BIT_CONVERSION = YES;
				GCC_WARN_ABOUT_RETURN_TYPE = YES_ERROR;
				GCC_WARN_UNDECLARED_SELECTOR = YES;
				GCC_WARN_UNINITIALIZED_AUTOS = YES_AGGRESSIVE;
				GCC_WARN_UNUSED_FUNCTION = YES;
				GCC_WARN_UNUSED_VARIABLE = YES;
				IPHONEOS_DEPLOYMENT_TARGET = 16.0;
				MTL_ENABLE_DEBUG_INFO = INCLUDE_SOURCE;
				MTL_FAST_MATH = YES;
				ONLY_ACTIVE_ARCH = YES;
				SDKROOT = iphoneos;
				SWIFT_ACTIVE_COMPILATION_CONDITIONS = DEBUG;
				SWIFT_OPTIMIZATION_LEVEL = "-Onone";
			};
			name = Debug;
		};
		BAAD97CC28B0EBA000C75BBD /* Release */ = {
			isa = XCBuildConfiguration;
			buildSettings = {
				ALWAYS_SEARCH_USER_PATHS = NO;
				CLANG_ANALYZER_NONNULL = YES;
				CLANG_ANALYZER_NUMBER_OBJECT_CONVERSION = YES_AGGRESSIVE;
				CLANG_CXX_LANGUAGE_STANDARD = "gnu++20";
				CLANG_ENABLE_MODULES = YES;
				CLANG_ENABLE_OBJC_ARC = YES;
				CLANG_ENABLE_OBJC_WEAK = YES;
				CLANG_WARN_BLOCK_CAPTURE_AUTORELEASING = YES;
				CLANG_WARN_BOOL_CONVERSION = YES;
				CLANG_WARN_COMMA = YES;
				CLANG_WARN_CONSTANT_CONVERSION = YES;
				CLANG_WARN_DEPRECATED_OBJC_IMPLEMENTATIONS = YES;
				CLANG_WARN_DIRECT_OBJC_ISA_USAGE = YES_ERROR;
				CLANG_WARN_DOCUMENTATION_COMMENTS = YES;
				CLANG_WARN_EMPTY_BODY = YES;
				CLANG_WARN_ENUM_CONVERSION = YES;
				CLANG_WARN_INFINITE_RECURSION = YES;
				CLANG_WARN_INT_CONVERSION = YES;
				CLANG_WARN_NON_LITERAL_NULL_CONVERSION = YES;
				CLANG_WARN_OBJC_IMPLICIT_RETAIN_SELF = YES;
				CLANG_WARN_OBJC_LITERAL_CONVERSION = YES;
				CLANG_WARN_OBJC_ROOT_CLASS = YES_ERROR;
				CLANG_WARN_QUOTED_INCLUDE_IN_FRAMEWORK_HEADER = YES;
				CLANG_WARN_RANGE_LOOP_ANALYSIS = YES;
				CLANG_WARN_STRICT_PROTOTYPES = YES;
				CLANG_WARN_SUSPICIOUS_MOVE = YES;
				CLANG_WARN_UNGUARDED_AVAILABILITY = YES_AGGRESSIVE;
				CLANG_WARN_UNREACHABLE_CODE = YES;
				CLANG_WARN__DUPLICATE_METHOD_MATCH = YES;
				COPY_PHASE_STRIP = NO;
				DEBUG_INFORMATION_FORMAT = "dwarf-with-dsym";
				ENABLE_NS_ASSERTIONS = NO;
				ENABLE_STRICT_OBJC_MSGSEND = YES;
				GCC_C_LANGUAGE_STANDARD = gnu11;
				GCC_NO_COMMON_BLOCKS = YES;
				GCC_WARN_64_TO_32_BIT_CONVERSION = YES;
				GCC_WARN_ABOUT_RETURN_TYPE = YES_ERROR;
				GCC_WARN_UNDECLARED_SELECTOR = YES;
				GCC_WARN_UNINITIALIZED_AUTOS = YES_AGGRESSIVE;
				GCC_WARN_UNUSED_FUNCTION = YES;
				GCC_WARN_UNUSED_VARIABLE = YES;
				IPHONEOS_DEPLOYMENT_TARGET = 16.0;
				MTL_ENABLE_DEBUG_INFO = NO;
				MTL_FAST_MATH = YES;
				SDKROOT = iphoneos;
				SWIFT_COMPILATION_MODE = wholemodule;
				SWIFT_OPTIMIZATION_LEVEL = "-O";
				VALIDATE_PRODUCT = YES;
			};
			name = Release;
		};
		BAAD97CE28B0EBA000C75BBD /* Debug */ = {
			isa = XCBuildConfiguration;
			buildSettings = {
				ASSETCATALOG_COMPILER_APPICON_NAME = AppIcon;
				ASSETCATALOG_COMPILER_GLOBAL_ACCENT_COLOR_NAME = AccentColor;
				CODE_SIGN_STYLE = Automatic;
				CURRENT_PROJECT_VERSION = 1;
				DEVELOPMENT_TEAM = 2ZQR76M3UH;
				GENERATE_INFOPLIST_FILE = YES;
				INFOPLIST_FILE = LottiePractice/Info.plist;
				INFOPLIST_KEY_UIApplicationSupportsIndirectInputEvents = YES;
				INFOPLIST_KEY_UILaunchStoryboardName = LaunchScreen;
				INFOPLIST_KEY_UIMainStoryboardFile = Main;
				INFOPLIST_KEY_UISupportedInterfaceOrientations_iPad = "UIInterfaceOrientationPortrait UIInterfaceOrientationPortraitUpsideDown UIInterfaceOrientationLandscapeLeft UIInterfaceOrientationLandscapeRight";
				INFOPLIST_KEY_UISupportedInterfaceOrientations_iPhone = "UIInterfaceOrientationPortrait UIInterfaceOrientationLandscapeLeft UIInterfaceOrientationLandscapeRight";
				LD_RUNPATH_SEARCH_PATHS = (
					"$(inherited)",
					"@executable_path/Frameworks",
				);
				MARKETING_VERSION = 1.0;
				PRODUCT_BUNDLE_IDENTIFIER = com.whitehyun.LottiePractice;
				PRODUCT_NAME = "$(TARGET_NAME)";
				SWIFT_EMIT_LOC_STRINGS = YES;
				SWIFT_VERSION = 5.0;
				TARGETED_DEVICE_FAMILY = "1,2";
			};
			name = Debug;
		};
		BAAD97CF28B0EBA000C75BBD /* Release */ = {
			isa = XCBuildConfiguration;
			buildSettings = {
				ASSETCATALOG_COMPILER_APPICON_NAME = AppIcon;
				ASSETCATALOG_COMPILER_GLOBAL_ACCENT_COLOR_NAME = AccentColor;
				CODE_SIGN_STYLE = Automatic;
				CURRENT_PROJECT_VERSION = 1;
				DEVELOPMENT_TEAM = 2ZQR76M3UH;
				GENERATE_INFOPLIST_FILE = YES;
				INFOPLIST_FILE = LottiePractice/Info.plist;
				INFOPLIST_KEY_UIApplicationSupportsIndirectInputEvents = YES;
				INFOPLIST_KEY_UILaunchStoryboardName = LaunchScreen;
				INFOPLIST_KEY_UIMainStoryboardFile = Main;
				INFOPLIST_KEY_UISupportedInterfaceOrientations_iPad = "UIInterfaceOrientationPortrait UIInterfaceOrientationPortraitUpsideDown UIInterfaceOrientationLandscapeLeft UIInterfaceOrientationLandscapeRight";
				INFOPLIST_KEY_UISupportedInterfaceOrientations_iPhone = "UIInterfaceOrientationPortrait UIInterfaceOrientationLandscapeLeft UIInterfaceOrientationLandscapeRight";
				LD_RUNPATH_SEARCH_PATHS = (
					"$(inherited)",
					"@executable_path/Frameworks",
				);
				MARKETING_VERSION = 1.0;
				PRODUCT_BUNDLE_IDENTIFIER = com.whitehyun.LottiePractice;
				PRODUCT_NAME = "$(TARGET_NAME)";
				SWIFT_EMIT_LOC_STRINGS = YES;
				SWIFT_VERSION = 5.0;
				TARGETED_DEVICE_FAMILY = "1,2";
			};
			name = Release;
		};
/* End XCBuildConfiguration section */

/* Begin XCConfigurationList section */
		BAAD97B428B0EB9F00C75BBD /* Build configuration list for PBXProject "LottiePractice" */ = {
			isa = XCConfigurationList;
			buildConfigurations = (
				BAAD97CB28B0EBA000C75BBD /* Debug */,
				BAAD97CC28B0EBA000C75BBD /* Release */,
			);
			defaultConfigurationIsVisible = 0;
			defaultConfigurationName = Release;
		};
		BAAD97CD28B0EBA000C75BBD /* Build configuration list for PBXNativeTarget "LottiePractice" */ = {
			isa = XCConfigurationList;
			buildConfigurations = (
				BAAD97CE28B0EBA000C75BBD /* Debug */,
				BAAD97CF28B0EBA000C75BBD /* Release */,
			);
			defaultConfigurationIsVisible = 0;
			defaultConfigurationName = Release;
		};
/* End XCConfigurationList section */

/* Begin XCRemoteSwiftPackageReference section */
		BAAD97D028B0EC2A00C75BBD /* XCRemoteSwiftPackageReference "lottie-ios" */ = {
			isa = XCRemoteSwiftPackageReference;
			repositoryURL = "https://github.com/airbnb/lottie-ios.git";
			requirement = {
				branch = master;
				kind = branch;
			};
		};
/* End XCRemoteSwiftPackageReference section */

/* Begin XCSwiftPackageProductDependency section */
		BAAD97D128B0EC2A00C75BBD /* Lottie */ = {
			isa = XCSwiftPackageProductDependency;
			package = BAAD97D028B0EC2A00C75BBD /* XCRemoteSwiftPackageReference "lottie-ios" */;
			productName = Lottie;
		};
/* End XCSwiftPackageProductDependency section */
	};
	rootObject = BAAD97B128B0EB9F00C75BBD /* Project object */;
}
