// !$*UTF8*$!
{
	archiveVersion = 1;
	classes = {
	};
	objectVersion = 55;
	objects = {

/* Begin PBXBuildFile section */
		BA5B98102865E455000B7E6A /* AppDelegate.swift in Sources */ = {isa = PBXBuildFile; fileRef = BA5B980F2865E455000B7E6A /* AppDelegate.swift */; };
		BA5B98122865E455000B7E6A /* SceneDelegate.swift in Sources */ = {isa = PBXBuildFile; fileRef = BA5B98112865E455000B7E6A /* SceneDelegate.swift */; };
		BA5B98142865E455000B7E6A /* ViewController.swift in Sources */ = {isa = PBXBuildFile; fileRef = BA5B98132865E455000B7E6A /* ViewController.swift */; };
		BA5B98192865E457000B7E6A /* Assets.xcassets in Resources */ = {isa = PBXBuildFile; fileRef = BA5B98182865E457000B7E6A /* Assets.xcassets */; };
		BA5B981C2865E457000B7E6A /* LaunchScreen.storyboard in Resources */ = {isa = PBXBuildFile; fileRef = BA5B981A2865E457000B7E6A /* LaunchScreen.storyboard */; };
		BA5B98242865E475000B7E6A /* Coordinator.swift in Sources */ = {isa = PBXBuildFile; fileRef = BA5B98232865E475000B7E6A /* Coordinator.swift */; };
		BA5B98262865E48C000B7E6A /* BuyCoordinator.swift in Sources */ = {isa = PBXBuildFile; fileRef = BA5B98252865E48C000B7E6A /* BuyCoordinator.swift */; };
		BA5B98282865E501000B7E6A /* MainCoordinator.swift in Sources */ = {isa = PBXBuildFile; fileRef = BA5B98272865E501000B7E6A /* MainCoordinator.swift */; };
		BA5B982A2865E5AD000B7E6A /* BuyViewController.swift in Sources */ = {isa = PBXBuildFile; fileRef = BA5B98292865E5AD000B7E6A /* BuyViewController.swift */; };
		BA5B982E2865F3DD000B7E6A /* CreateAccountViewController.swift in Sources */ = {isa = PBXBuildFile; fileRef = BA5B982D2865F3DD000B7E6A /* CreateAccountViewController.swift */; };
/* End PBXBuildFile section */

/* Begin PBXFileReference section */
		BA5B980C2865E455000B7E6A /* MVVM-Coordinators.app */ = {isa = PBXFileReference; explicitFileType = wrapper.application; includeInIndex = 0; path = "MVVM-Coordinators.app"; sourceTree = BUILT_PRODUCTS_DIR; };
		BA5B980F2865E455000B7E6A /* AppDelegate.swift */ = {isa = PBXFileReference; lastKnownFileType = sourcecode.swift; path = AppDelegate.swift; sourceTree = "<group>"; };
		BA5B98112865E455000B7E6A /* SceneDelegate.swift */ = {isa = PBXFileReference; lastKnownFileType = sourcecode.swift; path = SceneDelegate.swift; sourceTree = "<group>"; };
		BA5B98132865E455000B7E6A /* ViewController.swift */ = {isa = PBXFileReference; lastKnownFileType = sourcecode.swift; path = ViewController.swift; sourceTree = "<group>"; };
		BA5B98182865E457000B7E6A /* Assets.xcassets */ = {isa = PBXFileReference; lastKnownFileType = folder.assetcatalog; path = Assets.xcassets; sourceTree = "<group>"; };
		BA5B981B2865E457000B7E6A /* Base */ = {isa = PBXFileReference; lastKnownFileType = file.storyboard; name = Base; path = Base.lproj/LaunchScreen.storyboard; sourceTree = "<group>"; };
		BA5B981D2865E457000B7E6A /* Info.plist */ = {isa = PBXFileReference; lastKnownFileType = text.plist.xml; path = Info.plist; sourceTree = "<group>"; };
		BA5B98232865E475000B7E6A /* Coordinator.swift */ = {isa = PBXFileReference; lastKnownFileType = sourcecode.swift; path = Coordinator.swift; sourceTree = "<group>"; };
		BA5B98252865E48C000B7E6A /* BuyCoordinator.swift */ = {isa = PBXFileReference; lastKnownFileType = sourcecode.swift; path = BuyCoordinator.swift; sourceTree = "<group>"; };
		BA5B98272865E501000B7E6A /* MainCoordinator.swift */ = {isa = PBXFileReference; lastKnownFileType = sourcecode.swift; path = MainCoordinator.swift; sourceTree = "<group>"; };
		BA5B98292865E5AD000B7E6A /* BuyViewController.swift */ = {isa = PBXFileReference; lastKnownFileType = sourcecode.swift; path = BuyViewController.swift; sourceTree = "<group>"; };
		BA5B982D2865F3DD000B7E6A /* CreateAccountViewController.swift */ = {isa = PBXFileReference; lastKnownFileType = sourcecode.swift; path = CreateAccountViewController.swift; sourceTree = "<group>"; };
/* End PBXFileReference section */

/* Begin PBXFrameworksBuildPhase section */
		BA5B98092865E455000B7E6A /* Frameworks */ = {
			isa = PBXFrameworksBuildPhase;
			buildActionMask = 2147483647;
			files = (
			);
			runOnlyForDeploymentPostprocessing = 0;
		};
/* End PBXFrameworksBuildPhase section */

/* Begin PBXGroup section */
		BA5B98032865E455000B7E6A = {
			isa = PBXGroup;
			children = (
				BA5B980E2865E455000B7E6A /* MVVM-Coordinators */,
				BA5B980D2865E455000B7E6A /* Products */,
			);
			sourceTree = "<group>";
		};
		BA5B980D2865E455000B7E6A /* Products */ = {
			isa = PBXGroup;
			children = (
				BA5B980C2865E455000B7E6A /* MVVM-Coordinators.app */,
			);
			name = Products;
			sourceTree = "<group>";
		};
		BA5B980E2865E455000B7E6A /* MVVM-Coordinators */ = {
			isa = PBXGroup;
			children = (
				BA5B980F2865E455000B7E6A /* AppDelegate.swift */,
				BA5B98112865E455000B7E6A /* SceneDelegate.swift */,
				BA5B98182865E457000B7E6A /* Assets.xcassets */,
				BA5B981A2865E457000B7E6A /* LaunchScreen.storyboard */,
				BA5B981D2865E457000B7E6A /* Info.plist */,
				BA5B982F2866BACC000B7E6A /* Coordinators */,
				BA5B98302866BDF9000B7E6A /* ViewControllers */,
			);
			path = "MVVM-Coordinators";
			sourceTree = "<group>";
		};
		BA5B982F2866BACC000B7E6A /* Coordinators */ = {
			isa = PBXGroup;
			children = (
				BA5B98232865E475000B7E6A /* Coordinator.swift */,
				BA5B98272865E501000B7E6A /* MainCoordinator.swift */,
				BA5B98252865E48C000B7E6A /* BuyCoordinator.swift */,
			);
			path = Coordinators;
			sourceTree = "<group>";
		};
		BA5B98302866BDF9000B7E6A /* ViewControllers */ = {
			isa = PBXGroup;
			children = (
				BA5B98292865E5AD000B7E6A /* BuyViewController.swift */,
				BA5B982D2865F3DD000B7E6A /* CreateAccountViewController.swift */,
				BA5B98132865E455000B7E6A /* ViewController.swift */,
			);
			path = ViewControllers;
			sourceTree = "<group>";
		};
/* End PBXGroup section */

/* Begin PBXNativeTarget section */
		BA5B980B2865E455000B7E6A /* MVVM-Coordinators */ = {
			isa = PBXNativeTarget;
			buildConfigurationList = BA5B98202865E457000B7E6A /* Build configuration list for PBXNativeTarget "MVVM-Coordinators" */;
			buildPhases = (
				BA5B98082865E455000B7E6A /* Sources */,
				BA5B98092865E455000B7E6A /* Frameworks */,
				BA5B980A2865E455000B7E6A /* Resources */,
			);
			buildRules = (
			);
			dependencies = (
			);
			name = "MVVM-Coordinators";
			productName = "MVVM-Coordinators";
			productReference = BA5B980C2865E455000B7E6A /* MVVM-Coordinators.app */;
			productType = "com.apple.product-type.application";
		};
/* End PBXNativeTarget section */

/* Begin PBXProject section */
		BA5B98042865E455000B7E6A /* Project object */ = {
			isa = PBXProject;
			attributes = {
				BuildIndependentTargetsInParallel = 1;
				LastSwiftUpdateCheck = 1340;
				LastUpgradeCheck = 1340;
				TargetAttributes = {
					BA5B980B2865E455000B7E6A = {
						CreatedOnToolsVersion = 13.4.1;
					};
				};
			};
			buildConfigurationList = BA5B98072865E455000B7E6A /* Build configuration list for PBXProject "MVVM-Coordinators" */;
			compatibilityVersion = "Xcode 13.0";
			developmentRegion = en;
			hasScannedForEncodings = 0;
			knownRegions = (
				en,
				Base,
			);
			mainGroup = BA5B98032865E455000B7E6A;
			productRefGroup = BA5B980D2865E455000B7E6A /* Products */;
			projectDirPath = "";
			projectRoot = "";
			targets = (
				BA5B980B2865E455000B7E6A /* MVVM-Coordinators */,
			);
		};
/* End PBXProject section */

/* Begin PBXResourcesBuildPhase section */
		BA5B980A2865E455000B7E6A /* Resources */ = {
			isa = PBXResourcesBuildPhase;
			buildActionMask = 2147483647;
			files = (
				BA5B981C2865E457000B7E6A /* LaunchScreen.storyboard in Resources */,
				BA5B98192865E457000B7E6A /* Assets.xcassets in Resources */,
			);
			runOnlyForDeploymentPostprocessing = 0;
		};
/* End PBXResourcesBuildPhase section */

/* Begin PBXSourcesBuildPhase section */
		BA5B98082865E455000B7E6A /* Sources */ = {
			isa = PBXSourcesBuildPhase;
			buildActionMask = 2147483647;
			files = (
				BA5B98242865E475000B7E6A /* Coordinator.swift in Sources */,
				BA5B98282865E501000B7E6A /* MainCoordinator.swift in Sources */,
				BA5B98142865E455000B7E6A /* ViewController.swift in Sources */,
				BA5B98102865E455000B7E6A /* AppDelegate.swift in Sources */,
				BA5B982E2865F3DD000B7E6A /* CreateAccountViewController.swift in Sources */,
				BA5B98262865E48C000B7E6A /* BuyCoordinator.swift in Sources */,
				BA5B982A2865E5AD000B7E6A /* BuyViewController.swift in Sources */,
				BA5B98122865E455000B7E6A /* SceneDelegate.swift in Sources */,
			);
			runOnlyForDeploymentPostprocessing = 0;
		};
/* End PBXSourcesBuildPhase section */

/* Begin PBXVariantGroup section */
		BA5B981A2865E457000B7E6A /* LaunchScreen.storyboard */ = {
			isa = PBXVariantGroup;
			children = (
				BA5B981B2865E457000B7E6A /* Base */,
			);
			name = LaunchScreen.storyboard;
			sourceTree = "<group>";
		};
/* End PBXVariantGroup section */

/* Begin XCBuildConfiguration section */
		BA5B981E2865E457000B7E6A /* Debug */ = {
			isa = XCBuildConfiguration;
			buildSettings = {
				ALWAYS_SEARCH_USER_PATHS = NO;
				CLANG_ANALYZER_NONNULL = YES;
				CLANG_ANALYZER_NUMBER_OBJECT_CONVERSION = YES_AGGRESSIVE;
				CLANG_CXX_LANGUAGE_STANDARD = "gnu++17";
				CLANG_ENABLE_MODULES = YES;
				CLANG_ENABLE_OBJC_ARC = YES;
				CLANG_ENABLE_OBJC_WEAK = YES;
				CLANG_WARN_BLOCK_CAPTURE_AUTORELEASING = YES;
				CLANG_WARN_BOOL_CONVERSION = YES;
				CLANG_WARN_COMMA = YES;
				CLANG_WARN_CONSTANT_CONVERSION = YES;
				CLANG_WARN_DEPRECATED_OBJC_IMPLEMENTATIONS = YES;
				CLANG_WARN_DIRECT_OBJC_ISA_USAGE = YES_ERROR;
				CLANG_WARN_DOCUMENTATION_COMMENTS = YES;
				CLANG_WARN_EMPTY_BODY = YES;
				CLANG_WARN_ENUM_CONVERSION = YES;
				CLANG_WARN_INFINITE_RECURSION = YES;
				CLANG_WARN_INT_CONVERSION = YES;
				CLANG_WARN_NON_LITERAL_NULL_CONVERSION = YES;
				CLANG_WARN_OBJC_IMPLICIT_RETAIN_SELF = YES;
				CLANG_WARN_OBJC_LITERAL_CONVERSION = YES;
				CLANG_WARN_OBJC_ROOT_CLASS = YES_ERROR;
				CLANG_WARN_QUOTED_INCLUDE_IN_FRAMEWORK_HEADER = YES;
				CLANG_WARN_RANGE_LOOP_ANALYSIS = YES;
				CLANG_WARN_STRICT_PROTOTYPES = YES;
				CLANG_WARN_SUSPICIOUS_MOVE = YES;
				CLANG_WARN_UNGUARDED_AVAILABILITY = YES_AGGRESSIVE;
				CLANG_WARN_UNREACHABLE_CODE = YES;
				CLANG_WARN__DUPLICATE_METHOD_MATCH = YES;
				COPY_PHASE_STRIP = NO;
				DEBUG_INFORMATION_FORMAT = dwarf;
				ENABLE_STRICT_OBJC_MSGSEND = YES;
				ENABLE_TESTABILITY = YES;
				GCC_C_LANGUAGE_STANDARD = gnu11;
				GCC_DYNAMIC_NO_PIC = NO;
				GCC_NO_COMMON_BLOCKS = YES;
				GCC_OPTIMIZATION_LEVEL = 0;
				GCC_PREPROCESSOR_DEFINITIONS = (
					"DEBUG=1",
					"$(inherited)",
				);
				GCC_WARN_64_TO_32_BIT_CONVERSION = YES;
				GCC_WARN_ABOUT_RETURN_TYPE = YES_ERROR;
				GCC_WARN_UNDECLARED_SELECTOR = YES;
				GCC_WARN_UNINITIALIZED_AUTOS = YES_AGGRESSIVE;
				GCC_WARN_UNUSED_FUNCTION = YES;
				GCC_WARN_UNUSED_VARIABLE = YES;
				IPHONEOS_DEPLOYMENT_TARGET = 15.5;
				MTL_ENABLE_DEBUG_INFO = INCLUDE_SOURCE;
				MTL_FAST_MATH = YES;
				ONLY_ACTIVE_ARCH = YES;
				SDKROOT = iphoneos;
				SWIFT_ACTIVE_COMPILATION_CONDITIONS = DEBUG;
				SWIFT_OPTIMIZATION_LEVEL = "-Onone";
			};
			name = Debug;
		};
		BA5B981F2865E457000B7E6A /* Release */ = {
			isa = XCBuildConfiguration;
			buildSettings = {
				ALWAYS_SEARCH_USER_PATHS = NO;
				CLANG_ANALYZER_NONNULL = YES;
				CLANG_ANALYZER_NUMBER_OBJECT_CONVERSION = YES_AGGRESSIVE;
				CLANG_CXX_LANGUAGE_STANDARD = "gnu++17";
				CLANG_ENABLE_MODULES = YES;
				CLANG_ENABLE_OBJC_ARC = YES;
				CLANG_ENABLE_OBJC_WEAK = YES;
				CLANG_WARN_BLOCK_CAPTURE_AUTORELEASING = YES;
				CLANG_WARN_BOOL_CONVERSION = YES;
				CLANG_WARN_COMMA = YES;
				CLANG_WARN_CONSTANT_CONVERSION = YES;
				CLANG_WARN_DEPRECATED_OBJC_IMPLEMENTATIONS = YES;
				CLANG_WARN_DIRECT_OBJC_ISA_USAGE = YES_ERROR;
				CLANG_WARN_DOCUMENTATION_COMMENTS = YES;
				CLANG_WARN_EMPTY_BODY = YES;
				CLANG_WARN_ENUM_CONVERSION = YES;
				CLANG_WARN_INFINITE_RECURSION = YES;
				CLANG_WARN_INT_CONVERSION = YES;
				CLANG_WARN_NON_LITERAL_NULL_CONVERSION = YES;
				CLANG_WARN_OBJC_IMPLICIT_RETAIN_SELF = YES;
				CLANG_WARN_OBJC_LITERAL_CONVERSION = YES;
				CLANG_WARN_OBJC_ROOT_CLASS = YES_ERROR;
				CLANG_WARN_QUOTED_INCLUDE_IN_FRAMEWORK_HEADER = YES;
				CLANG_WARN_RANGE_LOOP_ANALYSIS = YES;
				CLANG_WARN_STRICT_PROTOTYPES = YES;
				CLANG_WARN_SUSPICIOUS_MOVE = YES;
				CLANG_WARN_UNGUARDED_AVAILABILITY = YES_AGGRESSIVE;
				CLANG_WARN_UNREACHABLE_CODE = YES;
				CLANG_WARN__DUPLICATE_METHOD_MATCH = YES;
				COPY_PHASE_STRIP = NO;
				DEBUG_INFORMATION_FORMAT = "dwarf-with-dsym";
				ENABLE_NS_ASSERTIONS = NO;
				ENABLE_STRICT_OBJC_MSGSEND = YES;
				GCC_C_LANGUAGE_STANDARD = gnu11;
				GCC_NO_COMMON_BLOCKS = YES;
				GCC_WARN_64_TO_32_BIT_CONVERSION = YES;
				GCC_WARN_ABOUT_RETURN_TYPE = YES_ERROR;
				GCC_WARN_UNDECLARED_SELECTOR = YES;
				GCC_WARN_UNINITIALIZED_AUTOS = YES_AGGRESSIVE;
				GCC_WARN_UNUSED_FUNCTION = YES;
				GCC_WARN_UNUSED_VARIABLE = YES;
				IPHONEOS_DEPLOYMENT_TARGET = 15.5;
				MTL_ENABLE_DEBUG_INFO = NO;
				MTL_FAST_MATH = YES;
				SDKROOT = iphoneos;
				SWIFT_COMPILATION_MODE = wholemodule;
				SWIFT_OPTIMIZATION_LEVEL = "-O";
				VALIDATE_PRODUCT = YES;
			};
			name = Release;
		};
		BA5B98212865E457000B7E6A /* Debug */ = {
			isa = XCBuildConfiguration;
			buildSettings = {
				ASSETCATALOG_COMPILER_APPICON_NAME = AppIcon;
				ASSETCATALOG_COMPILER_GLOBAL_ACCENT_COLOR_NAME = AccentColor;
				CODE_SIGN_STYLE = Automatic;
				CURRENT_PROJECT_VERSION = 1;
				DEVELOPMENT_TEAM = 2ZQR76M3UH;
				GENERATE_INFOPLIST_FILE = YES;
				INFOPLIST_FILE = "MVVM-Coordinators/Info.plist";
				INFOPLIST_KEY_UIApplicationSupportsIndirectInputEvents = YES;
				INFOPLIST_KEY_UILaunchStoryboardName = LaunchScreen;
				INFOPLIST_KEY_UISupportedInterfaceOrientations_iPad = "UIInterfaceOrientationPortrait UIInterfaceOrientationPortraitUpsideDown UIInterfaceOrientationLandscapeLeft UIInterfaceOrientationLandscapeRight";
				INFOPLIST_KEY_UISupportedInterfaceOrientations_iPhone = "UIInterfaceOrientationPortrait UIInterfaceOrientationLandscapeLeft UIInterfaceOrientationLandscapeRight";
				LD_RUNPATH_SEARCH_PATHS = (
					"$(inherited)",
					"@executable_path/Frameworks",
				);
				MARKETING_VERSION = 1.0;
				PRODUCT_BUNDLE_IDENTIFIER = "com.whitehyun.MVVM-Coordinators";
				PRODUCT_NAME = "$(TARGET_NAME)";
				SWIFT_EMIT_LOC_STRINGS = YES;
				SWIFT_VERSION = 5.0;
				TARGETED_DEVICE_FAMILY = "1,2";
			};
			name = Debug;
		};
		BA5B98222865E457000B7E6A /* Release */ = {
			isa = XCBuildConfiguration;
			buildSettings = {
				ASSETCATALOG_COMPILER_APPICON_NAME = AppIcon;
				ASSETCATALOG_COMPILER_GLOBAL_ACCENT_COLOR_NAME = AccentColor;
				CODE_SIGN_STYLE = Automatic;
				CURRENT_PROJECT_VERSION = 1;
				DEVELOPMENT_TEAM = 2ZQR76M3UH;
				GENERATE_INFOPLIST_FILE = YES;
				INFOPLIST_FILE = "MVVM-Coordinators/Info.plist";
				INFOPLIST_KEY_UIApplicationSupportsIndirectInputEvents = YES;
				INFOPLIST_KEY_UILaunchStoryboardName = LaunchScreen;
				INFOPLIST_KEY_UISupportedInterfaceOrientations_iPad = "UIInterfaceOrientationPortrait UIInterfaceOrientationPortraitUpsideDown UIInterfaceOrientationLandscapeLeft UIInterfaceOrientationLandscapeRight";
				INFOPLIST_KEY_UISupportedInterfaceOrientations_iPhone = "UIInterfaceOrientationPortrait UIInterfaceOrientationLandscapeLeft UIInterfaceOrientationLandscapeRight";
				LD_RUNPATH_SEARCH_PATHS = (
					"$(inherited)",
					"@executable_path/Frameworks",
				);
				MARKETING_VERSION = 1.0;
				PRODUCT_BUNDLE_IDENTIFIER = "com.whitehyun.MVVM-Coordinators";
				PRODUCT_NAME = "$(TARGET_NAME)";
				SWIFT_EMIT_LOC_STRINGS = YES;
				SWIFT_VERSION = 5.0;
				TARGETED_DEVICE_FAMILY = "1,2";
			};
			name = Release;
		};
/* End XCBuildConfiguration section */

/* Begin XCConfigurationList section */
		BA5B98072865E455000B7E6A /* Build configuration list for PBXProject "MVVM-Coordinators" */ = {
			isa = XCConfigurationList;
			buildConfigurations = (
				BA5B981E2865E457000B7E6A /* Debug */,
				BA5B981F2865E457000B7E6A /* Release */,
			);
			defaultConfigurationIsVisible = 0;
			defaultConfigurationName = Release;
		};
		BA5B98202865E457000B7E6A /* Build configuration list for PBXNativeTarget "MVVM-Coordinators" */ = {
			isa = XCConfigurationList;
			buildConfigurations = (
				BA5B98212865E457000B7E6A /* Debug */,
				BA5B98222865E457000B7E6A /* Release */,
			);
			defaultConfigurationIsVisible = 0;
			defaultConfigurationName = Release;
		};
/* End XCConfigurationList section */
	};
	rootObject = BA5B98042865E455000B7E6A /* Project object */;
}
