// !$*UTF8*$!
{
	archiveVersion = 1;
	classes = {
	};
	objectVersion = 56;
	objects = {

/* Begin PBXBuildFile section */
		BA12265628ED5C0A008CE088 /* AppDelegate.swift in Sources */ = {isa = PBXBuildFile; fileRef = BA12265528ED5C0A008CE088 /* AppDelegate.swift */; };
		BA12265828ED5C0A008CE088 /* SceneDelegate.swift in Sources */ = {isa = PBXBuildFile; fileRef = BA12265728ED5C0A008CE088 /* SceneDelegate.swift */; };
		BA12265A28ED5C0A008CE088 /* FlowLayoutPracticeVC.swift in Sources */ = {isa = PBXBuildFile; fileRef = BA12265928ED5C0A008CE088 /* FlowLayoutPracticeVC.swift */; };
		BA12265F28ED5C0A008CE088 /* Assets.xcassets in Resources */ = {isa = PBXBuildFile; fileRef = BA12265E28ED5C0A008CE088 /* Assets.xcassets */; };
		BA12266228ED5C0A008CE088 /* LaunchScreen.storyboard in Resources */ = {isa = PBXBuildFile; fileRef = BA12266028ED5C0A008CE088 /* LaunchScreen.storyboard */; };
		BA3B2DC1292B789A000E496B /* SnapKit in Frameworks */ = {isa = PBXBuildFile; productRef = BA3B2DC0292B789A000E496B /* SnapKit */; };
		BA3B2DC4292B78A6000E496B /* Then in Frameworks */ = {isa = PBXBuildFile; productRef = BA3B2DC3292B78A6000E496B /* Then */; };
		BA4738B7292DBF6400AC0CB9 /* Preview.swift in Sources */ = {isa = PBXBuildFile; fileRef = BA4738B6292DBF6400AC0CB9 /* Preview.swift */; };
		BAD8E24E28FFB7F800E5A4AE /* FlowLayoutPracticeCell.swift in Sources */ = {isa = PBXBuildFile; fileRef = BAD8E24D28FFB7F800E5A4AE /* FlowLayoutPracticeCell.swift */; };
		BAD8E25028FFB82900E5A4AE /* ExpandableCollectionViewCell.swift in Sources */ = {isa = PBXBuildFile; fileRef = BAD8E24F28FFB82900E5A4AE /* ExpandableCollectionViewCell.swift */; };
		BAD8E25228FFB83300E5A4AE /* ExpandablePracticeVC.swift in Sources */ = {isa = PBXBuildFile; fileRef = BAD8E25128FFB83300E5A4AE /* ExpandablePracticeVC.swift */; };
/* End PBXBuildFile section */

/* Begin PBXFileReference section */
		BA12265228ED5C0A008CE088 /* CollectionViewPractice.app */ = {isa = PBXFileReference; explicitFileType = wrapper.application; includeInIndex = 0; path = CollectionViewPractice.app; sourceTree = BUILT_PRODUCTS_DIR; };
		BA12265528ED5C0A008CE088 /* AppDelegate.swift */ = {isa = PBXFileReference; lastKnownFileType = sourcecode.swift; path = AppDelegate.swift; sourceTree = "<group>"; };
		BA12265728ED5C0A008CE088 /* SceneDelegate.swift */ = {isa = PBXFileReference; lastKnownFileType = sourcecode.swift; path = SceneDelegate.swift; sourceTree = "<group>"; };
		BA12265928ED5C0A008CE088 /* FlowLayoutPracticeVC.swift */ = {isa = PBXFileReference; lastKnownFileType = sourcecode.swift; path = FlowLayoutPracticeVC.swift; sourceTree = "<group>"; };
		BA12265E28ED5C0A008CE088 /* Assets.xcassets */ = {isa = PBXFileReference; lastKnownFileType = folder.assetcatalog; path = Assets.xcassets; sourceTree = "<group>"; };
		BA12266128ED5C0A008CE088 /* Base */ = {isa = PBXFileReference; lastKnownFileType = file.storyboard; name = Base; path = Base.lproj/LaunchScreen.storyboard; sourceTree = "<group>"; };
		BA12266328ED5C0A008CE088 /* Info.plist */ = {isa = PBXFileReference; lastKnownFileType = text.plist.xml; path = Info.plist; sourceTree = "<group>"; };
		BA4738B6292DBF6400AC0CB9 /* Preview.swift */ = {isa = PBXFileReference; lastKnownFileType = sourcecode.swift; path = Preview.swift; sourceTree = "<group>"; };
		BAD8E24D28FFB7F800E5A4AE /* FlowLayoutPracticeCell.swift */ = {isa = PBXFileReference; lastKnownFileType = sourcecode.swift; path = FlowLayoutPracticeCell.swift; sourceTree = "<group>"; };
		BAD8E24F28FFB82900E5A4AE /* ExpandableCollectionViewCell.swift */ = {isa = PBXFileReference; lastKnownFileType = sourcecode.swift; path = ExpandableCollectionViewCell.swift; sourceTree = "<group>"; };
		BAD8E25128FFB83300E5A4AE /* ExpandablePracticeVC.swift */ = {isa = PBXFileReference; lastKnownFileType = sourcecode.swift; path = ExpandablePracticeVC.swift; sourceTree = "<group>"; };
/* End PBXFileReference section */

/* Begin PBXFrameworksBuildPhase section */
		BA12264F28ED5C0A008CE088 /* Frameworks */ = {
			isa = PBXFrameworksBuildPhase;
			buildActionMask = 2147483647;
			files = (
				BA3B2DC1292B789A000E496B /* SnapKit in Frameworks */,
				BA3B2DC4292B78A6000E496B /* Then in Frameworks */,
			);
			runOnlyForDeploymentPostprocessing = 0;
		};
/* End PBXFrameworksBuildPhase section */

/* Begin PBXGroup section */
		BA12264928ED5C0A008CE088 = {
			isa = PBXGroup;
			children = (
				BA12265428ED5C0A008CE088 /* CollectionViewPractice */,
				BA12265328ED5C0A008CE088 /* Products */,
			);
			sourceTree = "<group>";
		};
		BA12265328ED5C0A008CE088 /* Products */ = {
			isa = PBXGroup;
			children = (
				BA12265228ED5C0A008CE088 /* CollectionViewPractice.app */,
			);
			name = Products;
			sourceTree = "<group>";
		};
		BA12265428ED5C0A008CE088 /* CollectionViewPractice */ = {
			isa = PBXGroup;
			children = (
				BA12265528ED5C0A008CE088 /* AppDelegate.swift */,
				BA12265728ED5C0A008CE088 /* SceneDelegate.swift */,
				BA12265928ED5C0A008CE088 /* FlowLayoutPracticeVC.swift */,
				BAD8E24D28FFB7F800E5A4AE /* FlowLayoutPracticeCell.swift */,
				BAD8E24F28FFB82900E5A4AE /* ExpandableCollectionViewCell.swift */,
				BAD8E25128FFB83300E5A4AE /* ExpandablePracticeVC.swift */,
				BA4738B6292DBF6400AC0CB9 /* Preview.swift */,
				BA12265E28ED5C0A008CE088 /* Assets.xcassets */,
				BA12266028ED5C0A008CE088 /* LaunchScreen.storyboard */,
				BA12266328ED5C0A008CE088 /* Info.plist */,
			);
			path = CollectionViewPractice;
			sourceTree = "<group>";
		};
/* End PBXGroup section */

/* Begin PBXNativeTarget section */
		BA12265128ED5C0A008CE088 /* CollectionViewPractice */ = {
			isa = PBXNativeTarget;
			buildConfigurationList = BA12266628ED5C0A008CE088 /* Build configuration list for PBXNativeTarget "CollectionViewPractice" */;
			buildPhases = (
				BA12264E28ED5C0A008CE088 /* Sources */,
				BA12264F28ED5C0A008CE088 /* Frameworks */,
				BA12265028ED5C0A008CE088 /* Resources */,
			);
			buildRules = (
			);
			dependencies = (
			);
			name = CollectionViewPractice;
			packageProductDependencies = (
				BA3B2DC0292B789A000E496B /* SnapKit */,
				BA3B2DC3292B78A6000E496B /* Then */,
			);
			productName = CollectionViewPractice;
			productReference = BA12265228ED5C0A008CE088 /* CollectionViewPractice.app */;
			productType = "com.apple.product-type.application";
		};
/* End PBXNativeTarget section */

/* Begin PBXProject section */
		BA12264A28ED5C0A008CE088 /* Project object */ = {
			isa = PBXProject;
			attributes = {
				BuildIndependentTargetsInParallel = 1;
				LastSwiftUpdateCheck = 1400;
				LastUpgradeCheck = 1400;
				TargetAttributes = {
					BA12265128ED5C0A008CE088 = {
						CreatedOnToolsVersion = 14.0.1;
					};
				};
			};
			buildConfigurationList = BA12264D28ED5C0A008CE088 /* Build configuration list for PBXProject "CollectionViewPractice" */;
			compatibilityVersion = "Xcode 14.0";
			developmentRegion = en;
			hasScannedForEncodings = 0;
			knownRegions = (
				en,
				Base,
			);
			mainGroup = BA12264928ED5C0A008CE088;
			packageReferences = (
				BA3B2DBF292B789A000E496B /* XCRemoteSwiftPackageReference "SnapKit" */,
				BA3B2DC2292B78A6000E496B /* XCRemoteSwiftPackageReference "Then" */,
			);
			productRefGroup = BA12265328ED5C0A008CE088 /* Products */;
			projectDirPath = "";
			projectRoot = "";
			targets = (
				BA12265128ED5C0A008CE088 /* CollectionViewPractice */,
			);
		};
/* End PBXProject section */

/* Begin PBXResourcesBuildPhase section */
		BA12265028ED5C0A008CE088 /* Resources */ = {
			isa = PBXResourcesBuildPhase;
			buildActionMask = 2147483647;
			files = (
				BA12266228ED5C0A008CE088 /* LaunchScreen.storyboard in Resources */,
				BA12265F28ED5C0A008CE088 /* Assets.xcassets in Resources */,
			);
			runOnlyForDeploymentPostprocessing = 0;
		};
/* End PBXResourcesBuildPhase section */

/* Begin PBXSourcesBuildPhase section */
		BA12264E28ED5C0A008CE088 /* Sources */ = {
			isa = PBXSourcesBuildPhase;
			buildActionMask = 2147483647;
			files = (
				BAD8E25028FFB82900E5A4AE /* ExpandableCollectionViewCell.swift in Sources */,
				BAD8E24E28FFB7F800E5A4AE /* FlowLayoutPracticeCell.swift in Sources */,
				BA12265A28ED5C0A008CE088 /* FlowLayoutPracticeVC.swift in Sources */,
				BA12265628ED5C0A008CE088 /* AppDelegate.swift in Sources */,
				BA4738B7292DBF6400AC0CB9 /* Preview.swift in Sources */,
				BA12265828ED5C0A008CE088 /* SceneDelegate.swift in Sources */,
				BAD8E25228FFB83300E5A4AE /* ExpandablePracticeVC.swift in Sources */,
			);
			runOnlyForDeploymentPostprocessing = 0;
		};
/* End PBXSourcesBuildPhase section */

/* Begin PBXVariantGroup section */
		BA12266028ED5C0A008CE088 /* LaunchScreen.storyboard */ = {
			isa = PBXVariantGroup;
			children = (
				BA12266128ED5C0A008CE088 /* Base */,
			);
			name = LaunchScreen.storyboard;
			sourceTree = "<group>";
		};
/* End PBXVariantGroup section */

/* Begin XCBuildConfiguration section */
		BA12266428ED5C0A008CE088 /* Debug */ = {
			isa = XCBuildConfiguration;
			buildSettings = {
				ALWAYS_SEARCH_USER_PATHS = NO;
				CLANG_ANALYZER_NONNULL = YES;
				CLANG_ANALYZER_NUMBER_OBJECT_CONVERSION = YES_AGGRESSIVE;
				CLANG_CXX_LANGUAGE_STANDARD = "gnu++20";
				CLANG_ENABLE_MODULES = YES;
				CLANG_ENABLE_OBJC_ARC = YES;
				CLANG_ENABLE_OBJC_WEAK = YES;
				CLANG_WARN_BLOCK_CAPTURE_AUTORELEASING = YES;
				CLANG_WARN_BOOL_CONVERSION = YES;
				CLANG_WARN_COMMA = YES;
				CLANG_WARN_CONSTANT_CONVERSION = YES;
				CLANG_WARN_DEPRECATED_OBJC_IMPLEMENTATIONS = YES;
				CLANG_WARN_DIRECT_OBJC_ISA_USAGE = YES_ERROR;
				CLANG_WARN_DOCUMENTATION_COMMENTS = YES;
				CLANG_WARN_EMPTY_BODY = YES;
				CLANG_WARN_ENUM_CONVERSION = YES;
				CLANG_WARN_INFINITE_RECURSION = YES;
				CLANG_WARN_INT_CONVERSION = YES;
				CLANG_WARN_NON_LITERAL_NULL_CONVERSION = YES;
				CLANG_WARN_OBJC_IMPLICIT_RETAIN_SELF = YES;
				CLANG_WARN_OBJC_LITERAL_CONVERSION = YES;
				CLANG_WARN_OBJC_ROOT_CLASS = YES_ERROR;
				CLANG_WARN_QUOTED_INCLUDE_IN_FRAMEWORK_HEADER = YES;
				CLANG_WARN_RANGE_LOOP_ANALYSIS = YES;
				CLANG_WARN_STRICT_PROTOTYPES = YES;
				CLANG_WARN_SUSPICIOUS_MOVE = YES;
				CLANG_WARN_UNGUARDED_AVAILABILITY = YES_AGGRESSIVE;
				CLANG_WARN_UNREACHABLE_CODE = YES;
				CLANG_WARN__DUPLICATE_METHOD_MATCH = YES;
				COPY_PHASE_STRIP = NO;
				DEBUG_INFORMATION_FORMAT = dwarf;
				ENABLE_STRICT_OBJC_MSGSEND = YES;
				ENABLE_TESTABILITY = YES;
				GCC_C_LANGUAGE_STANDARD = gnu11;
				GCC_DYNAMIC_NO_PIC = NO;
				GCC_NO_COMMON_BLOCKS = YES;
				GCC_OPTIMIZATION_LEVEL = 0;
				GCC_PREPROCESSOR_DEFINITIONS = (
					"DEBUG=1",
					"$(inherited)",
				);
				GCC_WARN_64_TO_32_BIT_CONVERSION = YES;
				GCC_WARN_ABOUT_RETURN_TYPE = YES_ERROR;
				GCC_WARN_UNDECLARED_SELECTOR = YES;
				GCC_WARN_UNINITIALIZED_AUTOS = YES_AGGRESSIVE;
				GCC_WARN_UNUSED_FUNCTION = YES;
				GCC_WARN_UNUSED_VARIABLE = YES;
				IPHONEOS_DEPLOYMENT_TARGET = 16.0;
				MTL_ENABLE_DEBUG_INFO = INCLUDE_SOURCE;
				MTL_FAST_MATH = YES;
				ONLY_ACTIVE_ARCH = YES;
				SDKROOT = iphoneos;
				SWIFT_ACTIVE_COMPILATION_CONDITIONS = DEBUG;
				SWIFT_OPTIMIZATION_LEVEL = "-Onone";
			};
			name = Debug;
		};
		BA12266528ED5C0A008CE088 /* Release */ = {
			isa = XCBuildConfiguration;
			buildSettings = {
				ALWAYS_SEARCH_USER_PATHS = NO;
				CLANG_ANALYZER_NONNULL = YES;
				CLANG_ANALYZER_NUMBER_OBJECT_CONVERSION = YES_AGGRESSIVE;
				CLANG_CXX_LANGUAGE_STANDARD = "gnu++20";
				CLANG_ENABLE_MODULES = YES;
				CLANG_ENABLE_OBJC_ARC = YES;
				CLANG_ENABLE_OBJC_WEAK = YES;
				CLANG_WARN_BLOCK_CAPTURE_AUTORELEASING = YES;
				CLANG_WARN_BOOL_CONVERSION = YES;
				CLANG_WARN_COMMA = YES;
				CLANG_WARN_CONSTANT_CONVERSION = YES;
				CLANG_WARN_DEPRECATED_OBJC_IMPLEMENTATIONS = YES;
				CLANG_WARN_DIRECT_OBJC_ISA_USAGE = YES_ERROR;
				CLANG_WARN_DOCUMENTATION_COMMENTS = YES;
				CLANG_WARN_EMPTY_BODY = YES;
				CLANG_WARN_ENUM_CONVERSION = YES;
				CLANG_WARN_INFINITE_RECURSION = YES;
				CLANG_WARN_INT_CONVERSION = YES;
				CLANG_WARN_NON_LITERAL_NULL_CONVERSION = YES;
				CLANG_WARN_OBJC_IMPLICIT_RETAIN_SELF = YES;
				CLANG_WARN_OBJC_LITERAL_CONVERSION = YES;
				CLANG_WARN_OBJC_ROOT_CLASS = YES_ERROR;
				CLANG_WARN_QUOTED_INCLUDE_IN_FRAMEWORK_HEADER = YES;
				CLANG_WARN_RANGE_LOOP_ANALYSIS = YES;
				CLANG_WARN_STRICT_PROTOTYPES = YES;
				CLANG_WARN_SUSPICIOUS_MOVE = YES;
				CLANG_WARN_UNGUARDED_AVAILABILITY = YES_AGGRESSIVE;
				CLANG_WARN_UNREACHABLE_CODE = YES;
				CLANG_WARN__DUPLICATE_METHOD_MATCH = YES;
				COPY_PHASE_STRIP = NO;
				DEBUG_INFORMATION_FORMAT = "dwarf-with-dsym";
				ENABLE_NS_ASSERTIONS = NO;
				ENABLE_STRICT_OBJC_MSGSEND = YES;
				GCC_C_LANGUAGE_STANDARD = gnu11;
				GCC_NO_COMMON_BLOCKS = YES;
				GCC_WARN_64_TO_32_BIT_CONVERSION = YES;
				GCC_WARN_ABOUT_RETURN_TYPE = YES_ERROR;
				GCC_WARN_UNDECLARED_SELECTOR = YES;
				GCC_WARN_UNINITIALIZED_AUTOS = YES_AGGRESSIVE;
				GCC_WARN_UNUSED_FUNCTION = YES;
				GCC_WARN_UNUSED_VARIABLE = YES;
				IPHONEOS_DEPLOYMENT_TARGET = 16.0;
				MTL_ENABLE_DEBUG_INFO = NO;
				MTL_FAST_MATH = YES;
				SDKROOT = iphoneos;
				SWIFT_COMPILATION_MODE = wholemodule;
				SWIFT_OPTIMIZATION_LEVEL = "-O";
				VALIDATE_PRODUCT = YES;
			};
			name = Release;
		};
		BA12266728ED5C0A008CE088 /* Debug */ = {
			isa = XCBuildConfiguration;
			buildSettings = {
				ASSETCATALOG_COMPILER_APPICON_NAME = AppIcon;
				ASSETCATALOG_COMPILER_GLOBAL_ACCENT_COLOR_NAME = AccentColor;
				CODE_SIGN_STYLE = Automatic;
				CURRENT_PROJECT_VERSION = 1;
				DEVELOPMENT_TEAM = 2ZQR76M3UH;
				GENERATE_INFOPLIST_FILE = YES;
				INFOPLIST_FILE = CollectionViewPractice/Info.plist;
				INFOPLIST_KEY_UIApplicationSupportsIndirectInputEvents = YES;
				INFOPLIST_KEY_UILaunchStoryboardName = LaunchScreen;
				INFOPLIST_KEY_UISupportedInterfaceOrientations_iPad = "UIInterfaceOrientationPortrait UIInterfaceOrientationPortraitUpsideDown UIInterfaceOrientationLandscapeLeft UIInterfaceOrientationLandscapeRight";
				INFOPLIST_KEY_UISupportedInterfaceOrientations_iPhone = "UIInterfaceOrientationPortrait UIInterfaceOrientationLandscapeLeft UIInterfaceOrientationLandscapeRight";
				IPHONEOS_DEPLOYMENT_TARGET = 16.1;
				LD_RUNPATH_SEARCH_PATHS = (
					"$(inherited)",
					"@executable_path/Frameworks",
				);
				MARKETING_VERSION = 1.0;
				PRODUCT_BUNDLE_IDENTIFIER = com.whitehyun.CollectionViewPractice;
				PRODUCT_NAME = "$(TARGET_NAME)";
				SWIFT_EMIT_LOC_STRINGS = YES;
				SWIFT_VERSION = 5.0;
				TARGETED_DEVICE_FAMILY = "1,2";
			};
			name = Debug;
		};
		BA12266828ED5C0A008CE088 /* Release */ = {
			isa = XCBuildConfiguration;
			buildSettings = {
				ASSETCATALOG_COMPILER_APPICON_NAME = AppIcon;
				ASSETCATALOG_COMPILER_GLOBAL_ACCENT_COLOR_NAME = AccentColor;
				CODE_SIGN_STYLE = Automatic;
				CURRENT_PROJECT_VERSION = 1;
				DEVELOPMENT_TEAM = 2ZQR76M3UH;
				GENERATE_INFOPLIST_FILE = YES;
				INFOPLIST_FILE = CollectionViewPractice/Info.plist;
				INFOPLIST_KEY_UIApplicationSupportsIndirectInputEvents = YES;
				INFOPLIST_KEY_UILaunchStoryboardName = LaunchScreen;
				INFOPLIST_KEY_UISupportedInterfaceOrientations_iPad = "UIInterfaceOrientationPortrait UIInterfaceOrientationPortraitUpsideDown UIInterfaceOrientationLandscapeLeft UIInterfaceOrientationLandscapeRight";
				INFOPLIST_KEY_UISupportedInterfaceOrientations_iPhone = "UIInterfaceOrientationPortrait UIInterfaceOrientationLandscapeLeft UIInterfaceOrientationLandscapeRight";
				IPHONEOS_DEPLOYMENT_TARGET = 16.1;
				LD_RUNPATH_SEARCH_PATHS = (
					"$(inherited)",
					"@executable_path/Frameworks",
				);
				MARKETING_VERSION = 1.0;
				PRODUCT_BUNDLE_IDENTIFIER = com.whitehyun.CollectionViewPractice;
				PRODUCT_NAME = "$(TARGET_NAME)";
				SWIFT_EMIT_LOC_STRINGS = YES;
				SWIFT_VERSION = 5.0;
				TARGETED_DEVICE_FAMILY = "1,2";
			};
			name = Release;
		};
/* End XCBuildConfiguration section */

/* Begin XCConfigurationList section */
		BA12264D28ED5C0A008CE088 /* Build configuration list for PBXProject "CollectionViewPractice" */ = {
			isa = XCConfigurationList;
			buildConfigurations = (
				BA12266428ED5C0A008CE088 /* Debug */,
				BA12266528ED5C0A008CE088 /* Release */,
			);
			defaultConfigurationIsVisible = 0;
			defaultConfigurationName = Release;
		};
		BA12266628ED5C0A008CE088 /* Build configuration list for PBXNativeTarget "CollectionViewPractice" */ = {
			isa = XCConfigurationList;
			buildConfigurations = (
				BA12266728ED5C0A008CE088 /* Debug */,
				BA12266828ED5C0A008CE088 /* Release */,
			);
			defaultConfigurationIsVisible = 0;
			defaultConfigurationName = Release;
		};
/* End XCConfigurationList section */

/* Begin XCRemoteSwiftPackageReference section */
		BA3B2DBF292B789A000E496B /* XCRemoteSwiftPackageReference "SnapKit" */ = {
			isa = XCRemoteSwiftPackageReference;
			repositoryURL = "https://github.com/SnapKit/SnapKit";
			requirement = {
				kind = upToNextMajorVersion;
				minimumVersion = 5.0.0;
			};
		};
		BA3B2DC2292B78A6000E496B /* XCRemoteSwiftPackageReference "Then" */ = {
			isa = XCRemoteSwiftPackageReference;
			repositoryURL = "https://github.com/devxoul/Then";
			requirement = {
				kind = upToNextMajorVersion;
				minimumVersion = 3.0.0;
			};
		};
/* End XCRemoteSwiftPackageReference section */

/* Begin XCSwiftPackageProductDependency section */
		BA3B2DC0292B789A000E496B /* SnapKit */ = {
			isa = XCSwiftPackageProductDependency;
			package = BA3B2DBF292B789A000E496B /* XCRemoteSwiftPackageReference "SnapKit" */;
			productName = SnapKit;
		};
		BA3B2DC3292B78A6000E496B /* Then */ = {
			isa = XCSwiftPackageProductDependency;
			package = BA3B2DC2292B78A6000E496B /* XCRemoteSwiftPackageReference "Then" */;
			productName = Then;
		};
/* End XCSwiftPackageProductDependency section */
	};
	rootObject = BA12264A28ED5C0A008CE088 /* Project object */;
}
